
Microsoft Visual Studio Solution File, Format Version 12.00
# Visual Studio 15
VisualStudioVersion = 15.0.27703.2026
MinimumVisualStudioVersion = 10.0.40219.1
Project("{FAE04EC0-301F-11D3-BF4B-00C04F79EFBC}") = "Adventure2", "Adventure2\Adventure2.csproj", "{09266B4F-CB30-4D4D-9A02-1204D4D4AE77}"
EndProject
Global
	GlobalSection(SolutionConfigurationPlatforms) = preSolution
		Debug|Any CPU = Debug|Any CPU
		Release|Any CPU = Release|Any CPU
	EndGlobalSection
	GlobalSection(ProjectConfigurationPlatforms) = postSolution
		{09266B4F-CB30-4D4D-9A02-1204D4D4AE77}.Debug|Any CPU.ActiveCfg = Debug|Any CPU
		{09266B4F-CB30-4D4D-9A02-1204D4D4AE77}.Debug|Any CPU.Build.0 = Debug|Any CPU
		{09266B4F-CB30-4D4D-9A02-1204D4D4AE77}.Release|Any CPU.ActiveCfg = Release|Any CPU
		{09266B4F-CB30-4D4D-9A02-1204D4D4AE77}.Release|Any CPU.Build.0 = Release|Any CPU
	EndGlobalSection
	GlobalSection(SolutionProperties) = preSolution
		HideSolutionNode = FALSE
	EndGlobalSection
	GlobalSection(ExtensibilityGlobals) = postSolution
		SolutionGuid = {1DED8304-C672-41D8-AD97-522FED6CE226}
	EndGlobalSection
EndGlobal
